Microsoft Visual Studio Solution File, Format Version 12.00
# Visual Studio 2013
VisualStudioVersion = 12.0.21005.1
MinimumVisualStudioVersion = 10.0.40219.1
Project("{8BC9CEB8-8B4A-11D0-8D11-00A0C91BC942}") = "EntitiesTSE", "EntitiesTSE\EntitiesTSE.vcxproj", "{D9F67AA1-970A-BFDD-6BE9-BD0CDCE98A10}"
EndProject
Project("{8BC9CEB8-8B4A-11D0-8D11-00A0C91BC942}") = "GameGUI", "GameGUI\GameGUI.vcxproj", "{3EC2357F-FA36-9DF7-FFC4-AF9C03777DBE}"
	ProjectSection(ProjectDependencies) = postProject
		{4410EEB1-AFAD-A936-2168-716C245D36D5} = {4410EEB1-AFAD-A936-2168-716C245D36D5}
	EndProjectSection
EndProject
Project("{8BC9CEB8-8B4A-11D0-8D11-00A0C91BC942}") = "Game", "Game\Game.vcxproj", "{4410EEB1-AFAD-A936-2168-716C245D36D5}"
	ProjectSection(ProjectDependencies) = postProject
		{13B46303-3742-4CF4-8B26-845FA2910B2B} = {13B46303-3742-4CF4-8B26-845FA2910B2B}
		{D9F67AA1-970A-BFDD-6BE9-BD0CDCE98A10} = {D9F67AA1-970A-BFDD-6BE9-BD0CDCE98A10}
	EndProjectSection
EndProject
Project("{8BC9CEB8-8B4A-11D0-8D11-00A0C91BC942}") = "EntitiesTFE", "EntitiesTFE\EntitiesTFE.vcxproj", "{13B46303-3742-4CF4-8B26-845FA2910B2B}"
EndProject
Global
	GlobalSection(SolutionConfigurationPlatforms) = preSolution
		Debug_TFE105|Win32 = Debug_TFE105|Win32
		Debug_TSE105|Win32 = Debug_TSE105|Win32
		Debug_TSE107|Win32 = Debug_TSE107|Win32
		Debug_TSE110|Win32 = Debug_TSE110|Win32
		Release_TFE105|Win32 = Release_TFE105|Win32
		Release_TSE105|Win32 = Release_TSE105|Win32
		Release_TSE107|Win32 = Release_TSE107|Win32
		Release_TSE110|Win32 = Release_TSE110|Win32
	EndGlobalSection
	GlobalSection(ProjectConfigurationPlatforms) = postSolution
		{D9F67AA1-970A-BFDD-6BE9-BD0CDCE98A10}.Debug_TFE105|Win32.ActiveCfg = Debug_TFE105|Win32
		{D9F67AA1-970A-BFDD-6BE9-BD0CDCE98A10}.Debug_TSE105|Win32.ActiveCfg = Debug_TSE105|Win32
		{D9F67AA1-970A-BFDD-6BE9-BD0CDCE98A10}.Debug_TSE105|Win32.Build.0 = Debug_TSE105|Win32
		{D9F67AA1-970A-BFDD-6BE9-BD0CDCE98A10}.Debug_TSE107|Win32.ActiveCfg = Debug_TSE107|Win32
		{D9F67AA1-970A-BFDD-6BE9-BD0CDCE98A10}.Debug_TSE107|Win32.Build.0 = Debug_TSE107|Win32
		{D9F67AA1-970A-BFDD-6BE9-BD0CDCE98A10}.Debug_TSE110|Win32.ActiveCfg = Debug_TSE110|Win32
		{D9F67AA1-970A-BFDD-6BE9-BD0CDCE98A10}.Debug_TSE110|Win32.Build.0 = Debug_TSE110|Win32
		{D9F67AA1-970A-BFDD-6BE9-BD0CDCE98A10}.Release_TFE105|Win32.ActiveCfg = Release_TFE105|Win32
		{D9F67AA1-970A-BFDD-6BE9-BD0CDCE98A10}.Release_TSE105|Win32.ActiveCfg = Release_TSE105|Win32
		{D9F67AA1-970A-BFDD-6BE9-BD0CDCE98A10}.Release_TSE105|Win32.Build.0 = Release_TSE105|Win32
		{D9F67AA1-970A-BFDD-6BE9-BD0CDCE98A10}.Release_TSE107|Win32.ActiveCfg = Release_TSE107|Win32
		{D9F67AA1-970A-BFDD-6BE9-BD0CDCE98A10}.Release_TSE107|Win32.Build.0 = Release_TSE107|Win32
		{D9F67AA1-970A-BFDD-6BE9-BD0CDCE98A10}.Release_TSE110|Win32.ActiveCfg = Release_TSE110|Win32
		{D9F67AA1-970A-BFDD-6BE9-BD0CDCE98A10}.Release_TSE110|Win32.Build.0 = Release_TSE110|Win32
		{3EC2357F-FA36-9DF7-FFC4-AF9C03777DBE}.Debug_TFE105|Win32.ActiveCfg = Debug_TFE105|Win32
		{3EC2357F-FA36-9DF7-FFC4-AF9C03777DBE}.Debug_TFE105|Win32.Build.0 = Debug_TFE105|Win32
		{3EC2357F-FA36-9DF7-FFC4-AF9C03777DBE}.Debug_TSE105|Win32.ActiveCfg = Debug_TSE105|Win32
		{3EC2357F-FA36-9DF7-FFC4-AF9C03777DBE}.Debug_TSE105|Win32.Build.0 = Debug_TSE105|Win32
		{3EC2357F-FA36-9DF7-FFC4-AF9C03777DBE}.Debug_TSE107|Win32.ActiveCfg = Debug_TSE107|Win32
		{3EC2357F-FA36-9DF7-FFC4-AF9C03777DBE}.Debug_TSE107|Win32.Build.0 = Debug_TSE107|Win32
		{3EC2357F-FA36-9DF7-FFC4-AF9C03777DBE}.Debug_TSE110|Win32.ActiveCfg = Debug_TSE110|Win32
		{3EC2357F-FA36-9DF7-FFC4-AF9C03777DBE}.Debug_TSE110|Win32.Build.0 = Debug_TSE110|Win32
		{3EC2357F-FA36-9DF7-FFC4-AF9C03777DBE}.Release_TFE105|Win32.ActiveCfg = Release_TFE105|Win32
		{3EC2357F-FA36-9DF7-FFC4-AF9C03777DBE}.Release_TFE105|Win32.Build.0 = Release_TFE105|Win32
		{3EC2357F-FA36-9DF7-FFC4-AF9C03777DBE}.Release_TSE105|Win32.ActiveCfg = Release_TSE105|Win32
		{3EC2357F-FA36-9DF7-FFC4-AF9C03777DBE}.Release_TSE105|Win32.Build.0 = Release_TSE105|Win32
		{3EC2357F-FA36-9DF7-FFC4-AF9C03777DBE}.Release_TSE107|Win32.ActiveCfg = Release_TSE107|Win32
		{3EC2357F-FA36-9DF7-FFC4-AF9C03777DBE}.Release_TSE107|Win32.Build.0 = Release_TSE107|Win32
		{3EC2357F-FA36-9DF7-FFC4-AF9C03777DBE}.Release_TSE110|Win32.ActiveCfg = Release_TSE110|Win32
		{3EC2357F-FA36-9DF7-FFC4-AF9C03777DBE}.Release_TSE110|Win32.Build.0 = Release_TSE110|Win32
		{4410EEB1-AFAD-A936-2168-716C245D36D5}.Debug_TFE105|Win32.ActiveCfg = Debug_TFE105|Win32
		{4410EEB1-AFAD-A936-2168-716C245D36D5}.Debug_TFE105|Win32.Build.0 = Debug_TFE105|Win32
		{4410EEB1-AFAD-A936-2168-716C245D36D5}.Debug_TSE105|Win32.ActiveCfg = Debug_TSE105|Win32
		{4410EEB1-AFAD-A936-2168-716C245D36D5}.Debug_TSE105|Win32.Build.0 = Debug_TSE105|Win32
		{4410EEB1-AFAD-A936-2168-716C245D36D5}.Debug_TSE107|Win32.ActiveCfg = Debug_TSE107|Win32
		{4410EEB1-AFAD-A936-2168-716C245D36D5}.Debug_TSE107|Win32.Build.0 = Debug_TSE107|Win32
		{4410EEB1-AFAD-A936-2168-716C245D36D5}.Debug_TSE110|Win32.ActiveCfg = Debug_TSE110|Win32
		{4410EEB1-AFAD-A936-2168-716C245D36D5}.Debug_TSE110|Win32.Build.0 = Debug_TSE110|Win32
		{4410EEB1-AFAD-A936-2168-716C245D36D5}.Release_TFE105|Win32.ActiveCfg = Release_TFE105|Win32
		{4410EEB1-AFAD-A936-2168-716C245D36D5}.Release_TFE105|Win32.Build.0 = Release_TFE105|Win32
		{4410EEB1-AFAD-A936-2168-716C245D36D5}.Release_TSE105|Win32.ActiveCfg = Release_TSE105|Win32
		{4410EEB1-AFAD-A936-2168-716C245D36D5}.Release_TSE105|Win32.Build.0 = Release_TSE105|Win32
		{4410EEB1-AFAD-A936-2168-716C245D36D5}.Release_TSE107|Win32.ActiveCfg = Release_TSE107|Win32
		{4410EEB1-AFAD-A936-2168-716C245D36D5}.Release_TSE107|Win32.Build.0 = Release_TSE107|Win32
		{4410EEB1-AFAD-A936-2168-716C245D36D5}.Release_TSE110|Win32.ActiveCfg = Release_TSE110|Win32
		{4410EEB1-AFAD-A936-2168-716C245D36D5}.Release_TSE110|Win32.Build.0 = Release_TSE110|Win32
		{13B46303-3742-4CF4-8B26-845FA2910B2B}.Debug_TFE105|Win32.ActiveCfg = Debug_TFE105|Win32
		{13B46303-3742-4CF4-8B26-845FA2910B2B}.Debug_TFE105|Win32.Build.0 = Debug_TFE105|Win32
		{13B46303-3742-4CF4-8B26-845FA2910B2B}.Debug_TSE105|Win32.ActiveCfg = Debug_TSE105|Win32
		{13B46303-3742-4CF4-8B26-845FA2910B2B}.Debug_TSE107|Win32.ActiveCfg = Debug_TSE107|Win32
		{13B46303-3742-4CF4-8B26-845FA2910B2B}.Debug_TSE110|Win32.ActiveCfg = Debug_TSE110|Win32
		{13B46303-3742-4CF4-8B26-845FA2910B2B}.Release_TFE105|Win32.ActiveCfg = Release_TFE105|Win32
		{13B46303-3742-4CF4-8B26-845FA2910B2B}.Release_TFE105|Win32.Build.0 = Release_TFE105|Win32
		{13B46303-3742-4CF4-8B26-845FA2910B2B}.Release_TSE105|Win32.ActiveCfg = Release_TSE105|Win32
		{13B46303-3742-4CF4-8B26-845FA2910B2B}.Release_TSE107|Win32.ActiveCfg = Release_TSE107|Win32
		{13B46303-3742-4CF4-8B26-845FA2910B2B}.Release_TSE110|Win32.ActiveCfg = Release_TSE110|Win32
	EndGlobalSection
	GlobalSection(SolutionProperties) = preSolution
		HideSolutionNode = FALSE
	EndGlobalSection
	GlobalSection(ExtensibilityGlobals) = postSolution
		SolutionGuid = {294A5688-A504-46D2-9B79-3BC7D2DCF44B}
	EndGlobalSection
EndGlobal
