Microsoft Visual Studio Solution File, Format Version 11.00
# Visual Studio 2010
Project("{8BC9CEB8-8B4A-11D0-8D11-00A0C91BC942}") = "EntitiesTSE", "EntitiesTSE\EntitiesTSE.vcxproj", "{D9F67AA1-970A-BFDD-6BE9-BD0CDCE98A10}"
EndProject
Project("{8BC9CEB8-8B4A-11D0-8D11-00A0C91BC942}") = "GameGUI", "GameGUI\GameGUI.vcxproj", "{3EC2357F-FA36-9DF7-FFC4-AF9C03777DBE}"
	ProjectSection(ProjectDependencies) = postProject
		{4410EEB1-AFAD-A936-2168-716C245D36D5} = {4410EEB1-AFAD-A936-2168-716C245D36D5}
	EndProjectSection
EndProject
Project("{8BC9CEB8-8B4A-11D0-8D11-00A0C91BC942}") = "Game", "Game\Game.vcxproj", "{4410EEB1-AFAD-A936-2168-716C245D36D5}"
	ProjectSection(ProjectDependencies) = postProject
		{13B46303-3742-4CF4-8B26-845FA2910B2B} = {13B46303-3742-4CF4-8B26-845FA2910B2B}
		{DEE12F5D-FF72-4520-9BA3-6365955E6ABB} = {DEE12F5D-FF72-4520-9BA3-6365955E6ABB}
		{D9F67AA1-970A-BFDD-6BE9-BD0CDCE98A10} = {D9F67AA1-970A-BFDD-6BE9-BD0CDCE98A10}
		{5F1A8DDD-58C7-4E2C-A1AD-456A90DE7590} = {5F1A8DDD-58C7-4E2C-A1AD-456A90DE7590}
		{A43A23E0-B045-4C56-9BA5-C86B7F48F5C5} = {A43A23E0-B045-4C56-9BA5-C86B7F48F5C5}
	EndProjectSection
EndProject
Project("{8BC9CEB8-8B4A-11D0-8D11-00A0C91BC942}") = "EntitiesTFE", "EntitiesTFE\EntitiesTFE.vcxproj", "{13B46303-3742-4CF4-8B26-845FA2910B2B}"
EndProject
Project("{8BC9CEB8-8B4A-11D0-8D11-00A0C91BC942}") = "EntitiesSSR", "EntitiesSSR\EntitiesSSR.vcxproj", "{5F1A8DDD-58C7-4E2C-A1AD-456A90DE7590}"
EndProject
Project("{8BC9CEB8-8B4A-11D0-8D11-00A0C91BC942}") = "Entities", "Entities\Entities.vcxproj", "{A43A23E0-B045-4C56-9BA5-C86B7F48F5C5}"
EndProject
Project("{8BC9CEB8-8B4A-11D0-8D11-00A0C91BC942}") = "EntitiesMP", "EntitiesMP\EntitiesMP.vcxproj", "{DEE12F5D-FF72-4520-9BA3-6365955E6ABB}"
EndProject
Global
	GlobalSection(SolutionConfigurationPlatforms) = preSolution
		Debug_TFE105|Win32 = Debug_TFE105|Win32
		Debug_TSE105|Win32 = Debug_TSE105|Win32
		Debug_TSE107|Win32 = Debug_TSE107|Win32
		Debug_TSE110|Win32 = Debug_TSE110|Win32
		Release_TFE105|Win32 = Release_TFE105|Win32
		Release_TSE105|Win32 = Release_TSE105|Win32
		Release_TSE107|Win32 = Release_TSE107|Win32
		Release_TSE110|Win32 = Release_TSE110|Win32
	EndGlobalSection
	GlobalSection(ProjectConfigurationPlatforms) = postSolution
		{D9F67AA1-970A-BFDD-6BE9-BD0CDCE98A10}.Debug_TFE105|Win32.ActiveCfg = Debug_TFE105|Win32
		{D9F67AA1-970A-BFDD-6BE9-BD0CDCE98A10}.Debug_TSE105|Win32.ActiveCfg = Debug_TSE105|Win32
		{D9F67AA1-970A-BFDD-6BE9-BD0CDCE98A10}.Debug_TSE105|Win32.Build.0 = Debug_TSE105|Win32
		{D9F67AA1-970A-BFDD-6BE9-BD0CDCE98A10}.Debug_TSE107|Win32.ActiveCfg = Debug_TSE107|Win32
		{D9F67AA1-970A-BFDD-6BE9-BD0CDCE98A10}.Debug_TSE107|Win32.Build.0 = Debug_TSE107|Win32
		{D9F67AA1-970A-BFDD-6BE9-BD0CDCE98A10}.Debug_TSE110|Win32.ActiveCfg = Debug_TSE110|Win32
		{D9F67AA1-970A-BFDD-6BE9-BD0CDCE98A10}.Debug_TSE110|Win32.Build.0 = Debug_TSE110|Win32
		{D9F67AA1-970A-BFDD-6BE9-BD0CDCE98A10}.Release_TFE105|Win32.ActiveCfg = Release_TFE105|Win32
		{D9F67AA1-970A-BFDD-6BE9-BD0CDCE98A10}.Release_TSE105|Win32.ActiveCfg = Release_TSE105|Win32
		{D9F67AA1-970A-BFDD-6BE9-BD0CDCE98A10}.Release_TSE105|Win32.Build.0 = Release_TSE105|Win32
		{D9F67AA1-970A-BFDD-6BE9-BD0CDCE98A10}.Release_TSE107|Win32.ActiveCfg = Release_TSE107|Win32
		{D9F67AA1-970A-BFDD-6BE9-BD0CDCE98A10}.Release_TSE107|Win32.Build.0 = Release_TSE107|Win32
		{D9F67AA1-970A-BFDD-6BE9-BD0CDCE98A10}.Release_TSE110|Win32.ActiveCfg = Release_TSE110|Win32
		{D9F67AA1-970A-BFDD-6BE9-BD0CDCE98A10}.Release_TSE110|Win32.Build.0 = Release_TSE110|Win32
		{3EC2357F-FA36-9DF7-FFC4-AF9C03777DBE}.Debug_TFE105|Win32.ActiveCfg = Debug_TFE105|Win32
		{3EC2357F-FA36-9DF7-FFC4-AF9C03777DBE}.Debug_TFE105|Win32.Build.0 = Debug_TFE105|Win32
		{3EC2357F-FA36-9DF7-FFC4-AF9C03777DBE}.Debug_TSE105|Win32.ActiveCfg = Debug_TSE105|Win32
		{3EC2357F-FA36-9DF7-FFC4-AF9C03777DBE}.Debug_TSE105|Win32.Build.0 = Debug_TSE105|Win32
		{3EC2357F-FA36-9DF7-FFC4-AF9C03777DBE}.Debug_TSE107|Win32.ActiveCfg = Debug_TSE107|Win32
		{3EC2357F-FA36-9DF7-FFC4-AF9C03777DBE}.Debug_TSE107|Win32.Build.0 = Debug_TSE107|Win32
		{3EC2357F-FA36-9DF7-FFC4-AF9C03777DBE}.Debug_TSE110|Win32.ActiveCfg = Debug_TSE110|Win32
		{3EC2357F-FA36-9DF7-FFC4-AF9C03777DBE}.Debug_TSE110|Win32.Build.0 = Debug_TSE110|Win32
		{3EC2357F-FA36-9DF7-FFC4-AF9C03777DBE}.Release_TFE105|Win32.ActiveCfg = Release_TFE105|Win32
		{3EC2357F-FA36-9DF7-FFC4-AF9C03777DBE}.Release_TFE105|Win32.Build.0 = Release_TFE105|Win32
		{3EC2357F-FA36-9DF7-FFC4-AF9C03777DBE}.Release_TSE105|Win32.ActiveCfg = Release_TSE105|Win32
		{3EC2357F-FA36-9DF7-FFC4-AF9C03777DBE}.Release_TSE105|Win32.Build.0 = Release_TSE105|Win32
		{3EC2357F-FA36-9DF7-FFC4-AF9C03777DBE}.Release_TSE107|Win32.ActiveCfg = Release_TSE107|Win32
		{3EC2357F-FA36-9DF7-FFC4-AF9C03777DBE}.Release_TSE107|Win32.Build.0 = Release_TSE107|Win32
		{3EC2357F-FA36-9DF7-FFC4-AF9C03777DBE}.Release_TSE110|Win32.ActiveCfg = Release_TSE110|Win32
		{3EC2357F-FA36-9DF7-FFC4-AF9C03777DBE}.Release_TSE110|Win32.Build.0 = Release_TSE110|Win32
		{4410EEB1-AFAD-A936-2168-716C245D36D5}.Debug_TFE105|Win32.ActiveCfg = Debug_TFE105|Win32
		{4410EEB1-AFAD-A936-2168-716C245D36D5}.Debug_TFE105|Win32.Build.0 = Debug_TFE105|Win32
		{4410EEB1-AFAD-A936-2168-716C245D36D5}.Debug_TSE105|Win32.ActiveCfg = Debug_TSE105|Win32
		{4410EEB1-AFAD-A936-2168-716C245D36D5}.Debug_TSE105|Win32.Build.0 = Debug_TSE105|Win32
		{4410EEB1-AFAD-A936-2168-716C245D36D5}.Debug_TSE107|Win32.ActiveCfg = Debug_TSE107|Win32
		{4410EEB1-AFAD-A936-2168-716C245D36D5}.Debug_TSE107|Win32.Build.0 = Debug_TSE107|Win32
		{4410EEB1-AFAD-A936-2168-716C245D36D5}.Debug_TSE110|Win32.ActiveCfg = Debug_TSE110|Win32
		{4410EEB1-AFAD-A936-2168-716C245D36D5}.Debug_TSE110|Win32.Build.0 = Debug_TSE110|Win32
		{4410EEB1-AFAD-A936-2168-716C245D36D5}.Release_TFE105|Win32.ActiveCfg = Release_TFE105|Win32
		{4410EEB1-AFAD-A936-2168-716C245D36D5}.Release_TFE105|Win32.Build.0 = Release_TFE105|Win32
		{4410EEB1-AFAD-A936-2168-716C245D36D5}.Release_TSE105|Win32.ActiveCfg = Release_TSE105|Win32
		{4410EEB1-AFAD-A936-2168-716C245D36D5}.Release_TSE105|Win32.Build.0 = Release_TSE105|Win32
		{4410EEB1-AFAD-A936-2168-716C245D36D5}.Release_TSE107|Win32.ActiveCfg = Release_TSE107|Win32
		{4410EEB1-AFAD-A936-2168-716C245D36D5}.Release_TSE107|Win32.Build.0 = Release_TSE107|Win32
		{4410EEB1-AFAD-A936-2168-716C245D36D5}.Release_TSE110|Win32.ActiveCfg = Release_TSE110|Win32
		{4410EEB1-AFAD-A936-2168-716C245D36D5}.Release_TSE110|Win32.Build.0 = Release_TSE110|Win32
		{13B46303-3742-4CF4-8B26-845FA2910B2B}.Debug_TFE105|Win32.ActiveCfg = Debug_TFE105|Win32
		{13B46303-3742-4CF4-8B26-845FA2910B2B}.Debug_TFE105|Win32.Build.0 = Debug_TFE105|Win32
		{13B46303-3742-4CF4-8B26-845FA2910B2B}.Debug_TSE105|Win32.ActiveCfg = Debug_TSE105|Win32
		{13B46303-3742-4CF4-8B26-845FA2910B2B}.Debug_TSE107|Win32.ActiveCfg = Debug_TSE107|Win32
		{13B46303-3742-4CF4-8B26-845FA2910B2B}.Debug_TSE110|Win32.ActiveCfg = Debug_TSE110|Win32
		{13B46303-3742-4CF4-8B26-845FA2910B2B}.Release_TFE105|Win32.ActiveCfg = Release_TFE105|Win32
		{13B46303-3742-4CF4-8B26-845FA2910B2B}.Release_TFE105|Win32.Build.0 = Release_TFE105|Win32
		{13B46303-3742-4CF4-8B26-845FA2910B2B}.Release_TSE105|Win32.ActiveCfg = Release_TSE105|Win32
		{13B46303-3742-4CF4-8B26-845FA2910B2B}.Release_TSE107|Win32.ActiveCfg = Release_TSE107|Win32
		{13B46303-3742-4CF4-8B26-845FA2910B2B}.Release_TSE110|Win32.ActiveCfg = Release_TSE110|Win32
		{5F1A8DDD-58C7-4E2C-A1AD-456A90DE7590}.Debug_TFE105|Win32.ActiveCfg = Debug_TFE105|Win32
		{5F1A8DDD-58C7-4E2C-A1AD-456A90DE7590}.Debug_TSE105|Win32.ActiveCfg = Debug_TSE105|Win32
		{5F1A8DDD-58C7-4E2C-A1AD-456A90DE7590}.Debug_TSE107|Win32.ActiveCfg = Debug_TSE107|Win32
		{5F1A8DDD-58C7-4E2C-A1AD-456A90DE7590}.Debug_TSE110|Win32.ActiveCfg = Debug_TSE110|Win32
		{5F1A8DDD-58C7-4E2C-A1AD-456A90DE7590}.Release_TFE105|Win32.ActiveCfg = Release_TFE105|Win32
		{5F1A8DDD-58C7-4E2C-A1AD-456A90DE7590}.Release_TSE105|Win32.ActiveCfg = Release_TSE105|Win32
		{5F1A8DDD-58C7-4E2C-A1AD-456A90DE7590}.Release_TSE107|Win32.ActiveCfg = Release_TSE107|Win32
		{5F1A8DDD-58C7-4E2C-A1AD-456A90DE7590}.Release_TSE110|Win32.ActiveCfg = Release_TSE110|Win32
		{A43A23E0-B045-4C56-9BA5-C86B7F48F5C5}.Debug_TFE105|Win32.ActiveCfg = Debug_TFE105|Win32
		{A43A23E0-B045-4C56-9BA5-C86B7F48F5C5}.Debug_TSE105|Win32.ActiveCfg = Debug_TSE105|Win32
		{A43A23E0-B045-4C56-9BA5-C86B7F48F5C5}.Debug_TSE107|Win32.ActiveCfg = Debug_TSE107|Win32
		{A43A23E0-B045-4C56-9BA5-C86B7F48F5C5}.Debug_TSE110|Win32.ActiveCfg = Debug_TSE110|Win32
		{A43A23E0-B045-4C56-9BA5-C86B7F48F5C5}.Release_TFE105|Win32.ActiveCfg = Release_TFE105|Win32
		{A43A23E0-B045-4C56-9BA5-C86B7F48F5C5}.Release_TSE105|Win32.ActiveCfg = Release_TSE105|Win32
		{A43A23E0-B045-4C56-9BA5-C86B7F48F5C5}.Release_TSE107|Win32.ActiveCfg = Release_TSE107|Win32
		{A43A23E0-B045-4C56-9BA5-C86B7F48F5C5}.Release_TSE110|Win32.ActiveCfg = Release_TSE110|Win32
		{DEE12F5D-FF72-4520-9BA3-6365955E6ABB}.Debug_TFE105|Win32.ActiveCfg = Debug_TFE105|Win32
		{DEE12F5D-FF72-4520-9BA3-6365955E6ABB}.Debug_TSE105|Win32.ActiveCfg = Debug_TSE105|Win32
		{DEE12F5D-FF72-4520-9BA3-6365955E6ABB}.Debug_TSE107|Win32.ActiveCfg = Debug_TSE107|Win32
		{DEE12F5D-FF72-4520-9BA3-6365955E6ABB}.Debug_TSE110|Win32.ActiveCfg = Debug_TSE110|Win32
		{DEE12F5D-FF72-4520-9BA3-6365955E6ABB}.Release_TFE105|Win32.ActiveCfg = Release_TFE105|Win32
		{DEE12F5D-FF72-4520-9BA3-6365955E6ABB}.Release_TSE105|Win32.ActiveCfg = Release_TSE105|Win32
		{DEE12F5D-FF72-4520-9BA3-6365955E6ABB}.Release_TSE107|Win32.ActiveCfg = Release_TSE107|Win32
		{DEE12F5D-FF72-4520-9BA3-6365955E6ABB}.Release_TSE110|Win32.ActiveCfg = Release_TSE110|Win32
	EndGlobalSection
	GlobalSection(SolutionProperties) = preSolution
		HideSolutionNode = FALSE
	EndGlobalSection
	GlobalSection(ExtensibilityGlobals) = postSolution
		SolutionGuid = {294A5688-A504-46D2-9B79-3BC7D2DCF44B}
	EndGlobalSection
EndGlobal
